
Microsoft Visual Studio Solution File, Format Version 12.00
# Visual Studio Version 17
VisualStudioVersion = 17.10.35122.118
MinimumVisualStudioVersion = 10.0.40219.1
Project("{FAE04EC0-301F-11D3-BF4B-00C04F79EFBC}") = "BookStoreLibrary.Tests", "BookStoreLibrary.Tests\BookStoreLibrary.Tests.csproj", "{1E2D4614-372B-45F9-A75A-4140112BE415}"
EndProject
Project("{FAE04EC0-301F-11D3-BF4B-00C04F79EFBC}") = "BookStoreLibrary.Models", "BookStoreLibrary.Models\BookStoreLibrary.Models.csproj", "{4995C378-F640-4648-8EC5-FFBBEDE2141E}"
EndProject
Project("{FAE04EC0-301F-11D3-BF4B-00C04F79EFBC}") = "BookStoreLibrary.Implementation", "BookStoreLibrary.Implementation\BookStoreLibrary.Implementation.csproj", "{B3A293C2-080C-4561-82E6-93CBE85CBA8F}"
EndProject
Global
	GlobalSection(SolutionConfigurationPlatforms) = preSolution
		Debug|Any CPU = Debug|Any CPU
		Release|Any CPU = Release|Any CPU
	EndGlobalSection
	GlobalSection(ProjectConfigurationPlatforms) = postSolution
		{1E2D4614-372B-45F9-A75A-4140112BE415}.Debug|Any CPU.ActiveCfg = Debug|Any CPU
		{1E2D4614-372B-45F9-A75A-4140112BE415}.Debug|Any CPU.Build.0 = Debug|Any CPU
		{1E2D4614-372B-45F9-A75A-4140112BE415}.Release|Any CPU.ActiveCfg = Release|Any CPU
		{1E2D4614-372B-45F9-A75A-4140112BE415}.Release|Any CPU.Build.0 = Release|Any CPU
		{4995C378-F640-4648-8EC5-FFBBEDE2141E}.Debug|Any CPU.ActiveCfg = Debug|Any CPU
		{4995C378-F640-4648-8EC5-FFBBEDE2141E}.Debug|Any CPU.Build.0 = Debug|Any CPU
		{4995C378-F640-4648-8EC5-FFBBEDE2141E}.Release|Any CPU.ActiveCfg = Release|Any CPU
		{4995C378-F640-4648-8EC5-FFBBEDE2141E}.Release|Any CPU.Build.0 = Release|Any CPU
		{B3A293C2-080C-4561-82E6-93CBE85CBA8F}.Debug|Any CPU.ActiveCfg = Debug|Any CPU
		{B3A293C2-080C-4561-82E6-93CBE85CBA8F}.Debug|Any CPU.Build.0 = Debug|Any CPU
		{B3A293C2-080C-4561-82E6-93CBE85CBA8F}.Release|Any CPU.ActiveCfg = Release|Any CPU
		{B3A293C2-080C-4561-82E6-93CBE85CBA8F}.Release|Any CPU.Build.0 = Release|Any CPU
	EndGlobalSection
	GlobalSection(SolutionProperties) = preSolution
		HideSolutionNode = FALSE
	EndGlobalSection
	GlobalSection(ExtensibilityGlobals) = postSolution
		SolutionGuid = {53077ED3-5D36-4726-80DC-A569C53AAF17}
	EndGlobalSection
EndGlobal
