
Microsoft Visual Studio Solution File, Format Version 12.00
# Visual Studio Version 17
VisualStudioVersion = 17.12.35527.113
MinimumVisualStudioVersion = 10.0.40219.1
Project("{2150E333-8FDC-42A3-9474-1A3956D46DE8}") = "Sample01", "Sample01", "{D25E1E56-6B52-4049-9ACD-9D2A0BDCE832}"
EndProject
Project("{FAE04EC0-301F-11D3-BF4B-00C04F79EFBC}") = "SimpleServer", "Sample01\SimpleServer\SimpleServer.csproj", "{5725D332-A432-42D1-8054-4605EADB40D7}"
EndProject
Project("{2150E333-8FDC-42A3-9474-1A3956D46DE8}") = "Sample02", "Sample02", "{BB8341E4-E728-4397-9D7D-CCA78214F831}"
EndProject
Project("{FAE04EC0-301F-11D3-BF4B-00C04F79EFBC}") = "SimpleServer", "Sample02\SimpleServer\SimpleServer.csproj", "{9387F314-5D64-4EC9-8F10-C69E2074DB0E}"
EndProject
Project("{FAE04EC0-301F-11D3-BF4B-00C04F79EFBC}") = "SimpleClient", "Sample02\SimpleClient\SimpleClient.csproj", "{A74E5BC2-F446-4AA6-BB59-FCBCA13CCDE7}"
EndProject
Project("{2150E333-8FDC-42A3-9474-1A3956D46DE8}") = "Sample03", "Sample03", "{5D7ED2EA-1445-4981-B6CB-037FF41CD151}"
EndProject
Project("{FAE04EC0-301F-11D3-BF4B-00C04F79EFBC}") = "SimpleServer", "Sample03\SimpleServer\SimpleServer.csproj", "{98A9914F-8517-4A37-8EFC-D9509DE6F049}"
EndProject
Project("{FAE04EC0-301F-11D3-BF4B-00C04F79EFBC}") = "TestClient", "Sample03\TestClient\TestClient.csproj", "{41DEB8B3-196D-4CE0-8C7E-A8828CAB23B8}"
EndProject
Project("{2150E333-8FDC-42A3-9474-1A3956D46DE8}") = "Sample04", "Sample04", "{1A9F6DD1-8F5F-4E49-A63B-1455B290BFA3}"
EndProject
Project("{FAE04EC0-301F-11D3-BF4B-00C04F79EFBC}") = "SimpleServer", "Sample04\SimpleServer\SimpleServer.csproj", "{919A7836-FC27-48D3-8F8A-F15FA29DF39C}"
EndProject
Project("{2150E333-8FDC-42A3-9474-1A3956D46DE8}") = "Sample05", "Sample05", "{92D90525-B92E-42CF-B6CF-23D6B4E079D0}"
EndProject
Project("{FAE04EC0-301F-11D3-BF4B-00C04F79EFBC}") = "SimpleServer", "Sample05\SimpleServer\SimpleServer.csproj", "{FB5DC63A-BECE-465E-97DE-B11F58DB8169}"
EndProject
Project("{2150E333-8FDC-42A3-9474-1A3956D46DE8}") = "Sample06", "Sample06", "{BF72F8B6-B6AE-43AB-8EE7-9021F193A6D7}"
EndProject
Project("{FAE04EC0-301F-11D3-BF4B-00C04F79EFBC}") = "SimpleServer", "Sample06\SimpleServer\SimpleServer.csproj", "{899F162B-7C14-4DC0-82C0-4A6ED3EDD220}"
EndProject
Project("{2150E333-8FDC-42A3-9474-1A3956D46DE8}") = "Sample07", "Sample07", "{72773D9E-FB4B-4D28-B722-23FB3227BC28}"
EndProject
Project("{FAE04EC0-301F-11D3-BF4B-00C04F79EFBC}") = "SimpleServer", "Sample07\SimpleServer\SimpleServer.csproj", "{6FD0A537-6BE4-4420-B60C-446262840310}"
EndProject
Project("{FAE04EC0-301F-11D3-BF4B-00C04F79EFBC}") = "AuthLib", "AuthLib\AuthLib.csproj", "{4D580F75-16FD-4D95-BB20-F659FF6AF4DC}"
EndProject
Project("{2150E333-8FDC-42A3-9474-1A3956D46DE8}") = "Sample08", "Sample08", "{D9ADDB6E-847C-4A3E-BC08-445A51EC3E3F}"
EndProject
Project("{FAE04EC0-301F-11D3-BF4B-00C04F79EFBC}") = "SimpleServer", "Sample08\SimpleServer\SimpleServer.csproj", "{AEF71FA6-E0E6-4CB8-9BCB-52947E353CC6}"
EndProject
Project("{FAE04EC0-301F-11D3-BF4B-00C04F79EFBC}") = "IntegrationTests", "Sample08\IntegrationTests\IntegrationTests.csproj", "{F8DA140C-0EA6-47D1-BA88-30960112036F}"
EndProject
Global
	GlobalSection(SolutionConfigurationPlatforms) = preSolution
		Debug|Any CPU = Debug|Any CPU
		Release|Any CPU = Release|Any CPU
	EndGlobalSection
	GlobalSection(ProjectConfigurationPlatforms) = postSolution
		{5725D332-A432-42D1-8054-4605EADB40D7}.Debug|Any CPU.ActiveCfg = Debug|Any CPU
		{5725D332-A432-42D1-8054-4605EADB40D7}.Debug|Any CPU.Build.0 = Debug|Any CPU
		{5725D332-A432-42D1-8054-4605EADB40D7}.Release|Any CPU.ActiveCfg = Release|Any CPU
		{5725D332-A432-42D1-8054-4605EADB40D7}.Release|Any CPU.Build.0 = Release|Any CPU
		{9387F314-5D64-4EC9-8F10-C69E2074DB0E}.Debug|Any CPU.ActiveCfg = Debug|Any CPU
		{9387F314-5D64-4EC9-8F10-C69E2074DB0E}.Debug|Any CPU.Build.0 = Debug|Any CPU
		{9387F314-5D64-4EC9-8F10-C69E2074DB0E}.Release|Any CPU.ActiveCfg = Release|Any CPU
		{9387F314-5D64-4EC9-8F10-C69E2074DB0E}.Release|Any CPU.Build.0 = Release|Any CPU
		{A74E5BC2-F446-4AA6-BB59-FCBCA13CCDE7}.Debug|Any CPU.ActiveCfg = Debug|Any CPU
		{A74E5BC2-F446-4AA6-BB59-FCBCA13CCDE7}.Debug|Any CPU.Build.0 = Debug|Any CPU
		{A74E5BC2-F446-4AA6-BB59-FCBCA13CCDE7}.Release|Any CPU.ActiveCfg = Release|Any CPU
		{A74E5BC2-F446-4AA6-BB59-FCBCA13CCDE7}.Release|Any CPU.Build.0 = Release|Any CPU
		{98A9914F-8517-4A37-8EFC-D9509DE6F049}.Debug|Any CPU.ActiveCfg = Debug|Any CPU
		{98A9914F-8517-4A37-8EFC-D9509DE6F049}.Debug|Any CPU.Build.0 = Debug|Any CPU
		{98A9914F-8517-4A37-8EFC-D9509DE6F049}.Release|Any CPU.ActiveCfg = Release|Any CPU
		{98A9914F-8517-4A37-8EFC-D9509DE6F049}.Release|Any CPU.Build.0 = Release|Any CPU
		{41DEB8B3-196D-4CE0-8C7E-A8828CAB23B8}.Debug|Any CPU.ActiveCfg = Debug|Any CPU
		{41DEB8B3-196D-4CE0-8C7E-A8828CAB23B8}.Debug|Any CPU.Build.0 = Debug|Any CPU
		{41DEB8B3-196D-4CE0-8C7E-A8828CAB23B8}.Release|Any CPU.ActiveCfg = Release|Any CPU
		{41DEB8B3-196D-4CE0-8C7E-A8828CAB23B8}.Release|Any CPU.Build.0 = Release|Any CPU
		{919A7836-FC27-48D3-8F8A-F15FA29DF39C}.Debug|Any CPU.ActiveCfg = Debug|Any CPU
		{919A7836-FC27-48D3-8F8A-F15FA29DF39C}.Debug|Any CPU.Build.0 = Debug|Any CPU
		{919A7836-FC27-48D3-8F8A-F15FA29DF39C}.Release|Any CPU.ActiveCfg = Release|Any CPU
		{919A7836-FC27-48D3-8F8A-F15FA29DF39C}.Release|Any CPU.Build.0 = Release|Any CPU
		{FB5DC63A-BECE-465E-97DE-B11F58DB8169}.Debug|Any CPU.ActiveCfg = Debug|Any CPU
		{FB5DC63A-BECE-465E-97DE-B11F58DB8169}.Debug|Any CPU.Build.0 = Debug|Any CPU
		{FB5DC63A-BECE-465E-97DE-B11F58DB8169}.Release|Any CPU.ActiveCfg = Release|Any CPU
		{FB5DC63A-BECE-465E-97DE-B11F58DB8169}.Release|Any CPU.Build.0 = Release|Any CPU
		{899F162B-7C14-4DC0-82C0-4A6ED3EDD220}.Debug|Any CPU.ActiveCfg = Debug|Any CPU
		{899F162B-7C14-4DC0-82C0-4A6ED3EDD220}.Debug|Any CPU.Build.0 = Debug|Any CPU
		{899F162B-7C14-4DC0-82C0-4A6ED3EDD220}.Release|Any CPU.ActiveCfg = Release|Any CPU
		{899F162B-7C14-4DC0-82C0-4A6ED3EDD220}.Release|Any CPU.Build.0 = Release|Any CPU
		{6FD0A537-6BE4-4420-B60C-446262840310}.Debug|Any CPU.ActiveCfg = Debug|Any CPU
		{6FD0A537-6BE4-4420-B60C-446262840310}.Debug|Any CPU.Build.0 = Debug|Any CPU
		{6FD0A537-6BE4-4420-B60C-446262840310}.Release|Any CPU.ActiveCfg = Release|Any CPU
		{6FD0A537-6BE4-4420-B60C-446262840310}.Release|Any CPU.Build.0 = Release|Any CPU
		{4D580F75-16FD-4D95-BB20-F659FF6AF4DC}.Debug|Any CPU.ActiveCfg = Debug|Any CPU
		{4D580F75-16FD-4D95-BB20-F659FF6AF4DC}.Debug|Any CPU.Build.0 = Debug|Any CPU
		{4D580F75-16FD-4D95-BB20-F659FF6AF4DC}.Release|Any CPU.ActiveCfg = Release|Any CPU
		{4D580F75-16FD-4D95-BB20-F659FF6AF4DC}.Release|Any CPU.Build.0 = Release|Any CPU
		{AEF71FA6-E0E6-4CB8-9BCB-52947E353CC6}.Debug|Any CPU.ActiveCfg = Debug|Any CPU
		{AEF71FA6-E0E6-4CB8-9BCB-52947E353CC6}.Debug|Any CPU.Build.0 = Debug|Any CPU
		{AEF71FA6-E0E6-4CB8-9BCB-52947E353CC6}.Release|Any CPU.ActiveCfg = Release|Any CPU
		{AEF71FA6-E0E6-4CB8-9BCB-52947E353CC6}.Release|Any CPU.Build.0 = Release|Any CPU
		{F8DA140C-0EA6-47D1-BA88-30960112036F}.Debug|Any CPU.ActiveCfg = Debug|Any CPU
		{F8DA140C-0EA6-47D1-BA88-30960112036F}.Debug|Any CPU.Build.0 = Debug|Any CPU
		{F8DA140C-0EA6-47D1-BA88-30960112036F}.Release|Any CPU.ActiveCfg = Release|Any CPU
		{F8DA140C-0EA6-47D1-BA88-30960112036F}.Release|Any CPU.Build.0 = Release|Any CPU
	EndGlobalSection
	GlobalSection(SolutionProperties) = preSolution
		HideSolutionNode = FALSE
	EndGlobalSection
	GlobalSection(NestedProjects) = preSolution
		{5725D332-A432-42D1-8054-4605EADB40D7} = {D25E1E56-6B52-4049-9ACD-9D2A0BDCE832}
		{9387F314-5D64-4EC9-8F10-C69E2074DB0E} = {BB8341E4-E728-4397-9D7D-CCA78214F831}
		{A74E5BC2-F446-4AA6-BB59-FCBCA13CCDE7} = {BB8341E4-E728-4397-9D7D-CCA78214F831}
		{98A9914F-8517-4A37-8EFC-D9509DE6F049} = {5D7ED2EA-1445-4981-B6CB-037FF41CD151}
		{41DEB8B3-196D-4CE0-8C7E-A8828CAB23B8} = {5D7ED2EA-1445-4981-B6CB-037FF41CD151}
		{919A7836-FC27-48D3-8F8A-F15FA29DF39C} = {1A9F6DD1-8F5F-4E49-A63B-1455B290BFA3}
		{FB5DC63A-BECE-465E-97DE-B11F58DB8169} = {92D90525-B92E-42CF-B6CF-23D6B4E079D0}
		{899F162B-7C14-4DC0-82C0-4A6ED3EDD220} = {BF72F8B6-B6AE-43AB-8EE7-9021F193A6D7}
		{6FD0A537-6BE4-4420-B60C-446262840310} = {72773D9E-FB4B-4D28-B722-23FB3227BC28}
		{AEF71FA6-E0E6-4CB8-9BCB-52947E353CC6} = {D9ADDB6E-847C-4A3E-BC08-445A51EC3E3F}
		{F8DA140C-0EA6-47D1-BA88-30960112036F} = {D9ADDB6E-847C-4A3E-BC08-445A51EC3E3F}
	EndGlobalSection
EndGlobal
